# This file is generated by running "yarn install" inside your project.
# Manual changes might be lost - proceed with caution!

__metadata:
  version: 6
  cacheKey: 8

"@discordjs/builders@npm:^0.11.0":
  version: 0.11.0
  resolution: "@discordjs/builders@npm:0.11.0"
  dependencies:
    "@sindresorhus/is": ^4.2.0
    discord-api-types: ^0.26.0
    ts-mixer: ^6.0.0
    tslib: ^2.3.1
    zod: ^3.11.6
  checksum: 7a25b59bb52d2e3695bca27946a99cf2de95b7edd5be424ea9f4707a465524be21263e25e532e12438e99f9f55fb98b033885c760aeb96424b8c12f663f50760
  languageName: node
  linkType: hard

"@discordjs/builders@npm:^0.12.0":
  version: 0.12.0
  resolution: "@discordjs/builders@npm:0.12.0"
  dependencies:
    "@sindresorhus/is": ^4.3.0
    discord-api-types: ^0.26.1
    ts-mixer: ^6.0.0
    tslib: ^2.3.1
    zod: ^3.11.6
  checksum: 3c4ef256371121938d5d75571e19f0697b1575dd9fb31a7ca47337d00a1ec45b2c1ce19a1261650a5f6393ac4116f8ed9e82120ce5de534be562dde919a2a6d7
  languageName: node
  linkType: hard

"@discordjs/collection@npm:^0.4.0":
  version: 0.4.0
  resolution: "@discordjs/collection@npm:0.4.0"
  checksum: fa8fc4246921f3230eb6c5d6d4dc0caf9dd659fcc903175944edf4fb0a9ed9913fdf164733d3f1e644ef469bc79b0d38a526ee620b92169cb40e79b40b0c716b
  languageName: node
  linkType: hard

"@discordjs/collection@npm:^0.5.0":
  version: 0.5.0
  resolution: "@discordjs/collection@npm:0.5.0"
  checksum: a228979bb5f955cf095ce47441c55d0196cd99ff8484b57d26a45e58506c6646d776a98a9e11b822aab4e15fb2ac1aecfdebc63cde8ab7d04d3d74b716e80144
  languageName: node
  linkType: hard

"@sapphire/async-queue@npm:^1.1.9":
  version: 1.3.1
  resolution: "@sapphire/async-queue@npm:1.3.1"
  checksum: 4016010a8b6f2896ce7694eb04c1839b613387cbfb104028a4a1bea471afb1dc4d569b66d3c9770319c47be55035dc786c072c32656d467fc2cded4347055d92
  languageName: node
  linkType: hard

"@sapphire/decorators@npm:^4.3.4":
  version: 4.3.4
  resolution: "@sapphire/decorators@npm:4.3.4"
  dependencies:
    tslib: ^2.3.1
  checksum: 1c17beb313c936b4ad59554a7e9453202b43928b55d99fa7a48ee3f67b51f011c8bd9d46f2994dbda320a8157823f84708a79c3c198b9a9967ead31255d7e8ee
  languageName: node
  linkType: hard

"@sapphire/discord-utilities@npm:^2.10.3":
  version: 2.10.3
  resolution: "@sapphire/discord-utilities@npm:2.10.3"
  dependencies:
    twemoji-parser: ^14.0.0
  checksum: b90381b94798e647488a0502fcd22a27c3de62496e55cb07d00240f95e626ae095c28a5c003681e55779ca2da928682dced145890077bf60b7a34f1c5d2a283a
  languageName: node
  linkType: hard

"@sapphire/discord.js-utilities@npm:^4.9.4":
  version: 4.9.4
  resolution: "@sapphire/discord.js-utilities@npm:4.9.4"
  dependencies:
    "@sapphire/discord-utilities": ^2.10.3
    "@sapphire/time-utilities": ^1.7.4
    "@sapphire/utilities": ^3.6.2
    tslib: ^2.3.1
  checksum: 2d400c9fd0ac3141ef5e8b41e6316aa2c05570bee6fcadf49d4ca78669a78104be3415a578341f45fae130a01795deb92dfe8b52018720041c1e029ac7722a7c
  languageName: node
  linkType: hard

"@sapphire/framework@npm:next":
  version: 3.0.0-next.5f07004.0
  resolution: "@sapphire/framework@npm:3.0.0-next.5f07004.0"
  dependencies:
    "@sapphire/discord-utilities": ^2.10.3
    "@sapphire/discord.js-utilities": ^4.9.4
    "@sapphire/pieces": ^3.3.1
    "@sapphire/ratelimits": ^2.4.4
    "@sapphire/result": ^1.1.1
    "@sapphire/stopwatch": ^1.4.1
    "@sapphire/utilities": ^3.6.2
    lexure: ^0.17.0
    tslib: ^2.3.1
  checksum: 6f87ec54bf8d4db0e1ad5a57d61fdf3a59028261d2ed8c90a67837cda963fe290837111d5f2c1edbfff85ea75bdcfffa73df5f5e7ea0007a53a398ece6faa223
  languageName: node
  linkType: hard

"@sapphire/pieces@npm:^3.3.1":
  version: 3.3.1
  resolution: "@sapphire/pieces@npm:3.3.1"
  dependencies:
    "@discordjs/collection": ^0.5.0
    "@sapphire/utilities": ^3.6.2
    tslib: ^2.3.1
  checksum: 226bd8471307f48c96637a6c267b9abc67126429d6cb27567d11a91344baa0d873777becf4d4a44d2aa81c15e426e0477ea4f98272d695ab298f9fecd81641e9
  languageName: node
  linkType: hard

"@sapphire/ratelimits@npm:^2.4.4":
  version: 2.4.4
  resolution: "@sapphire/ratelimits@npm:2.4.4"
  dependencies:
    "@sapphire/time-utilities": ^1.7.4
  checksum: 8bb31173f2fd61ca64b4f34ff3a927de00e339ee8d4dad7b8d80fa10e9020889033fc1f3ec0560256f54b8aedf3d2973378fe24d87f6aa1ca98be936eea35fcb
  languageName: node
  linkType: hard

"@sapphire/result@npm:^1.1.1":
  version: 1.1.1
  resolution: "@sapphire/result@npm:1.1.1"
  checksum: ccb3fcd051523f439c5f9871a251273e10ffeebcb5d6817c1c7efb24b60d8866fd5a781e0c77fe15a66a2dd5c5831b00258e70c76b6a82bb43bb150e10598767
  languageName: node
  linkType: hard

"@sapphire/stopwatch@npm:^1.4.1":
  version: 1.4.1
  resolution: "@sapphire/stopwatch@npm:1.4.1"
  dependencies:
    tslib: ^2.3.1
  checksum: 084462d9ca7ace45fd06d61e346a7a3326362d6d598c8721c908acf35772634b68f0224db998f0c59448a17b32b0d163248c6bc76c7f6f2d1db8a4f2ffc9fa68
  languageName: node
  linkType: hard

"@sapphire/time-utilities@npm:^1.7.4":
  version: 1.7.4
  resolution: "@sapphire/time-utilities@npm:1.7.4"
  dependencies:
    "@sapphire/utilities": ^3.6.2
  checksum: fb4a32d81fd99966297912cd41c751a8bb792f401e92d538c2611922c535da79683d1918ed897e7daf0880f7c139a03100922fb128ca27a596163e6c5bcead8c
  languageName: node
  linkType: hard

"@sapphire/ts-config@npm:^3.3.4":
  version: 3.3.4
  resolution: "@sapphire/ts-config@npm:3.3.4"
  dependencies:
    tslib: ^2.3.1
    typescript: ^4.6.3
  checksum: c26dee331e17dd1762caa499ca6f1d1ee22fe781a5486575ead625c399678fbf3b33cf963a4f48aad04df5d515a4b3d2f80a03272d2413894d96f799d5f5ca87
  languageName: node
  linkType: hard

"@sapphire/utilities@npm:^3.6.2":
  version: 3.6.2
  resolution: "@sapphire/utilities@npm:3.6.2"
  checksum: 71210753b446f3f2835dd9d28fb10767f4c6f005b465eea179082d9f2c071acb7dcd2aebdf7c4974b26aad3ab2374a1dd168a66371b06bd65f248bbca4a90cda
  languageName: node
  linkType: hard

"@sindresorhus/is@npm:^4.2.0, @sindresorhus/is@npm:^4.3.0":
  version: 4.6.0
  resolution: "@sindresorhus/is@npm:4.6.0"
  checksum: 83839f13da2c29d55c97abc3bc2c55b250d33a0447554997a85c539e058e57b8da092da396e252b11ec24a0279a0bed1f537fa26302209327060643e327f81d2
  languageName: node
  linkType: hard

"@types/common-tags@npm:^1.8.1":
  version: 1.8.1
  resolution: "@types/common-tags@npm:1.8.1"
  checksum: bec6f68c8c434834380abd1dc057aa6ba26661bb0c65c700b65049e9b104d7be96a987d93dbe8726be68554a23a52514a6967d8903fdb51fb8c78cf909d1e4c1
  languageName: node
  linkType: hard

"@types/node-fetch@npm:^2.5.12":
  version: 2.6.1
  resolution: "@types/node-fetch@npm:2.6.1"
  dependencies:
    "@types/node": "*"
    form-data: ^3.0.0
  checksum: a3e5d7f413d1638d795dff03f7b142b1b0e0c109ed210479000ce7b3ea11f9a6d89d9a024c96578d9249570c5fe5287a5f0f4aaba98199222230196ff2d6b283
  languageName: node
  linkType: hard

"@types/node@npm:*, @types/node@npm:^17.0.23":
  version: 17.0.23
  resolution: "@types/node@npm:17.0.23"
  checksum: a3517554737cbb042e76c30d0e5482192ac4d9bea0eeb086e2622d9cabf460a0eb52a696b99fcd18e7fcc93c96db6cc7ae507f6608f256ef0b5c1d8c87a5a470
  languageName: node
  linkType: hard

"@types/ws@npm:^8.2.2":
  version: 8.5.3
  resolution: "@types/ws@npm:8.5.3"
  dependencies:
    "@types/node": "*"
  checksum: 0ce46f850d41383fcdc2149bcacc86d7232fa7a233f903d2246dff86e31701a02f8566f40af5f8b56d1834779255c04ec6ec78660fe0f9b2a69cf3d71937e4ae
  languageName: node
  linkType: hard

"ansi-styles@npm:^4.1.0":
  version: 4.3.0
  resolution: "ansi-styles@npm:4.3.0"
  dependencies:
    color-convert: ^2.0.1
  checksum: 513b44c3b2105dd14cc42a19271e80f386466c4be574bccf60b627432f9198571ebf4ab1e4c3ba17347658f4ee1711c163d574248c0c1cdc2d5917a0ad582ec4
  languageName: node
  linkType: hard

"asynckit@npm:^0.4.0":
  version: 0.4.0
  resolution: "asynckit@npm:0.4.0"
  checksum: 7b78c451df768adba04e2d02e63e2d0bf3b07adcd6e42b4cf665cb7ce899bedd344c69a1dcbce355b5f972d597b25aaa1c1742b52cffd9caccb22f348114f6be
  languageName: node
  linkType: hard

"chalk@npm:4":
  version: 4.1.2
  resolution: "chalk@npm:4.1.2"
  dependencies:
    ansi-styles: ^4.1.0
    supports-color: ^7.1.0
  checksum: fe75c9d5c76a7a98d45495b91b2172fa3b7a09e0cc9370e5c8feb1c567b85c4288e2b3fded7cfdd7359ac28d6b3844feb8b82b8686842e93d23c827c417e83fc
  languageName: node
  linkType: hard

"color-convert@npm:^2.0.1":
  version: 2.0.1
  resolution: "color-convert@npm:2.0.1"
  dependencies:
    color-name: ~1.1.4
  checksum: 79e6bdb9fd479a205c71d89574fccfb22bd9053bd98c6c4d870d65c132e5e904e6034978e55b43d69fcaa7433af2016ee203ce76eeba9cfa554b373e7f7db336
  languageName: node
  linkType: hard

"color-name@npm:~1.1.4":
  version: 1.1.4
  resolution: "color-name@npm:1.1.4"
  checksum: b0445859521eb4021cd0fb0cc1a75cecf67fceecae89b63f62b201cca8d345baf8b952c966862a9d9a2632987d4f6581f0ec8d957dfacece86f0a7919316f610
  languageName: node
  linkType: hard

"combined-stream@npm:^1.0.8":
  version: 1.0.8
  resolution: "combined-stream@npm:1.0.8"
  dependencies:
    delayed-stream: ~1.0.0
  checksum: 49fa4aeb4916567e33ea81d088f6584749fc90c7abec76fd516bf1c5aa5c79f3584b5ba3de6b86d26ddd64bae5329c4c7479343250cfe71c75bb366eae53bb7c
  languageName: node
  linkType: hard

"common-tags@npm:^1.8.2":
  version: 1.8.2
  resolution: "common-tags@npm:1.8.2"
  checksum: 767a6255a84bbc47df49a60ab583053bb29a7d9687066a18500a516188a062c4e4cd52de341f22de0b07062e699b1b8fe3cfa1cb55b241cb9301aeb4f45b4dff
  languageName: node
  linkType: hard

"delayed-stream@npm:~1.0.0":
  version: 1.0.0
  resolution: "delayed-stream@npm:1.0.0"
  checksum: 46fe6e83e2cb1d85ba50bd52803c68be9bd953282fa7096f51fc29edd5d67ff84ff753c51966061e5ba7cb5e47ef6d36a91924eddb7f3f3483b1c560f77a0020
  languageName: node
  linkType: hard

"discord-api-types@npm:^0.26.0, discord-api-types@npm:^0.26.1":
  version: 0.26.1
  resolution: "discord-api-types@npm:0.26.1"
  checksum: e53bfa7589b24108e6b403dbe213da34c4592f72e2b8fde6800dcb6c703065887ecbd644e1cdf694e4c7796954bc51462ced868f26ec45dc1e0dc4fa8d3c723c
  languageName: node
  linkType: hard

"discord-api-types@npm:^0.31.1":
  version: 0.31.1
  resolution: "discord-api-types@npm:0.31.1"
  checksum: 5a18e512b549b75d55892b0dbc2dc7c46526bee0d001b73d41d144f4653de847c96b9c57342a32479af738f46acd80ee21686dced9fe0184dcac86b669b31f18
  languageName: node
  linkType: hard

"discord.js@npm:^13.6.0":
  version: 13.6.0
  resolution: "discord.js@npm:13.6.0"
  dependencies:
    "@discordjs/builders": ^0.11.0
    "@discordjs/collection": ^0.4.0
    "@sapphire/async-queue": ^1.1.9
    "@types/node-fetch": ^2.5.12
    "@types/ws": ^8.2.2
    discord-api-types: ^0.26.0
    form-data: ^4.0.0
    node-fetch: ^2.6.1
    ws: ^8.4.0
  checksum: 59c1297fbebf9b25c90ea125808bc9177c134fd7c481f82ace636ab88cfdc90bc6ec777c844d375d26231fc1664a67e80a1aad2aed484b808e4cd7d55cc1d9e3
  languageName: node
  linkType: hard

"form-data@npm:^3.0.0":
  version: 3.0.1
  resolution: "form-data@npm:3.0.1"
  dependencies:
    asynckit: ^0.4.0
    combined-stream: ^1.0.8
    mime-types: ^2.1.12
  checksum: b019e8d35c8afc14a2bd8a7a92fa4f525a4726b6d5a9740e8d2623c30e308fbb58dc8469f90415a856698933c8479b01646a9dff33c87cc4e76d72aedbbf860d
  languageName: node
  linkType: hard

"form-data@npm:^4.0.0":
  version: 4.0.0
  resolution: "form-data@npm:4.0.0"
  dependencies:
    asynckit: ^0.4.0
    combined-stream: ^1.0.8
    mime-types: ^2.1.12
  checksum: 01135bf8675f9d5c61ff18e2e2932f719ca4de964e3be90ef4c36aacfc7b9cb2fceb5eca0b7e0190e3383fe51c5b37f4cb80b62ca06a99aaabfcfd6ac7c9328c
  languageName: node
  linkType: hard

"has-flag@npm:^4.0.0":
  version: 4.0.0
  resolution: "has-flag@npm:4.0.0"
  checksum: 261a1357037ead75e338156b1f9452c016a37dcd3283a972a30d9e4a87441ba372c8b81f818cd0fbcd9c0354b4ae7e18b9e1afa1971164aef6d18c2b6095a8ad
  languageName: node
  linkType: hard

"lexure@npm:^0.17.0":
  version: 0.17.0
  resolution: "lexure@npm:0.17.0"
  checksum: 95797b0ada9452bcdfdd30997572ab1673de1b2583a5af2fa309aa3587ec3b95ba361880b333ed446a6b0f07764b6d8d2cf1d72083c61fa9f96c06181f194453
  languageName: node
  linkType: hard

"mime-db@npm:1.52.0":
  version: 1.52.0
  resolution: "mime-db@npm:1.52.0"
  checksum: 0d99a03585f8b39d68182803b12ac601d9c01abfa28ec56204fa330bc9f3d1c5e14beb049bafadb3dbdf646dfb94b87e24d4ec7b31b7279ef906a8ea9b6a513f
  languageName: node
  linkType: hard

"mime-types@npm:^2.1.12":
  version: 2.1.35
  resolution: "mime-types@npm:2.1.35"
  dependencies:
    mime-db: 1.52.0
  checksum: 89a5b7f1def9f3af5dad6496c5ed50191ae4331cc5389d7c521c8ad28d5fdad2d06fd81baf38fed813dc4e46bb55c8145bb0ff406330818c9cf712fb2e9b3836
  languageName: node
  linkType: hard

"moment@npm:^2.29.2":
  version: 2.29.2
  resolution: "moment@npm:2.29.2"
  checksum: ee850b5776485e2af0775ceb3cfebaa7d7638f0a750fe0678fcae24c310749f96c1938808384bd422a55e5703834a71fcb09c8a1d36d9cf847f6ed0205d7a3e5
  languageName: node
  linkType: hard

"node-fetch@npm:^2.6.1":
  version: 2.6.7
  resolution: "node-fetch@npm:2.6.7"
  dependencies:
    whatwg-url: ^5.0.0
  peerDependencies:
    encoding: ^0.1.0
  peerDependenciesMeta:
    encoding:
      optional: true
  checksum: 8d816ffd1ee22cab8301c7756ef04f3437f18dace86a1dae22cf81db8ef29c0bf6655f3215cb0cdb22b420b6fe141e64b26905e7f33f9377a7fa59135ea3e10b
  languageName: node
  linkType: hard

"supports-color@npm:^7.1.0":
  version: 7.2.0
  resolution: "supports-color@npm:7.2.0"
  dependencies:
    has-flag: ^4.0.0
  checksum: 3dda818de06ebbe5b9653e07842d9479f3555ebc77e9a0280caf5a14fb877ffee9ed57007c3b78f5a6324b8dbeec648d9e97a24e2ed9fdb81ddc69ea07100f4a
  languageName: node
  linkType: hard

"tr46@npm:~0.0.3":
  version: 0.0.3
  resolution: "tr46@npm:0.0.3"
  checksum: 726321c5eaf41b5002e17ffbd1fb7245999a073e8979085dacd47c4b4e8068ff5777142fc6726d6ca1fd2ff16921b48788b87225cbc57c72636f6efa8efbffe3
  languageName: node
  linkType: hard

"ts-mixer@npm:^6.0.0":
  version: 6.0.1
  resolution: "ts-mixer@npm:6.0.1"
  checksum: 7050f6e85a24155d18cecdcc0a098d1038991cc498317fcffa9d7a8654c776d417fb97e65de1ce8e7ed54ef4814abd8057d0efb9c3b24e9cc78ac3c0f48bbf53
  languageName: node
  linkType: hard

"tslib@npm:^2.3.1":
  version: 2.3.1
  resolution: "tslib@npm:2.3.1"
  checksum: de17a98d4614481f7fcb5cd53ffc1aaf8654313be0291e1bfaee4b4bb31a20494b7d218ff2e15017883e8ea9626599b3b0e0229c18383ba9dce89da2adf15cb9
  languageName: node
  linkType: hard

"twemoji-parser@npm:^14.0.0":
  version: 14.0.0
  resolution: "twemoji-parser@npm:14.0.0"
  checksum: 8eede69cf71f94735de7b6fddf5dfbfe3cb2e01baefc3201360984ccc97cfc659f206c8f73bd1405a2282779af3b79a8c9bed3864c672e15e2dc6f8ce4810452
  languageName: node
  linkType: hard

"typescript@npm:^4.6.3":
  version: 4.6.3
  resolution: "typescript@npm:4.6.3"
  bin:
    tsc: bin/tsc
    tsserver: bin/tsserver
  checksum: 255bb26c8cb846ca689dd1c3a56587af4f69055907aa2c154796ea28ee0dea871535b1c78f85a6212c77f2657843a269c3a742d09d81495b97b914bf7920415b
  languageName: node
  linkType: hard

"typescript@patch:typescript@^4.6.3#~builtin<compat/typescript>":
  version: 4.6.3
  resolution: "typescript@patch:typescript@npm%3A4.6.3#~builtin<compat/typescript>::version=4.6.3&hash=bda367"
  bin:
    tsc: bin/tsc
    tsserver: bin/tsserver
  checksum: 6bf45caf847062420592e711bc9c28bf5f9a9a7fa8245343b81493e4ededae33f1774009d1234d911422d1646a2c839f44e1a23ecb111b40a60ac2ea4c1482a8
  languageName: node
  linkType: hard

"webidl-conversions@npm:^3.0.0":
  version: 3.0.1
  resolution: "webidl-conversions@npm:3.0.1"
  checksum: c92a0a6ab95314bde9c32e1d0a6dfac83b578f8fa5f21e675bc2706ed6981bc26b7eb7e6a1fab158e5ce4adf9caa4a0aee49a52505d4d13c7be545f15021b17c
  languageName: node
  linkType: hard

"whatwg-url@npm:^5.0.0":
  version: 5.0.0
  resolution: "whatwg-url@npm:5.0.0"
  dependencies:
    tr46: ~0.0.3
    webidl-conversions: ^3.0.0
  checksum: b8daed4ad3356cc4899048a15b2c143a9aed0dfae1f611ebd55073310c7b910f522ad75d727346ad64203d7e6c79ef25eafd465f4d12775ca44b90fa82ed9e2c
  languageName: node
  linkType: hard

"ws@npm:^8.4.0":
  version: 8.5.0
  resolution: "ws@npm:8.5.0"
  peerDependencies:
    bufferutil: ^4.0.1
    utf-8-validate: ^5.0.2
  peerDependenciesMeta:
    bufferutil:
      optional: true
    utf-8-validate:
      optional: true
  checksum: 76f2f90e40344bf18fd544194e7067812fb1372b2a37865678d8f12afe4b478ff2ebc0c7c0aff82cd5e6b66fc43d889eec0f1865c2365d8f7a66d92da7744a77
  languageName: node
  linkType: hard

"yourapps@workspace:.":
  version: 0.0.0-use.local
  resolution: "yourapps@workspace:."
  dependencies:
    "@discordjs/builders": ^0.12.0
    "@sapphire/decorators": ^4.3.4
    "@sapphire/framework": next
    "@sapphire/pieces": ^3.3.1
    "@sapphire/ts-config": ^3.3.4
    "@types/common-tags": ^1.8.1
    "@types/node": ^17.0.23
    chalk: 4
    common-tags: ^1.8.2
    discord-api-types: ^0.31.1
    discord.js: ^13.6.0
    moment: ^2.29.2
    tslib: ^2.3.1
    typescript: ^4.6.3
  languageName: unknown
  linkType: soft

"zod@npm:^3.11.6":
  version: 3.14.4
  resolution: "zod@npm:3.14.4"
  checksum: 30e75dc1e4e1d6ce5695750d1906b6b918779b8aa446f5db77eb2b8344d08f29344b5d0115034a9e695fd5a627d23c5c03d67efe58fe16fbb91dee9dc08761bc
  languageName: node
  linkType: hard
